// !$*UTF8*$!
{
	archiveVersion = 1;
	classes = {
	};
	objectVersion = 46;
	objects = {

/* Begin PBXBuildFile section */
		8F3488A91DDDD2DF000E9A86 /* Tap.storyboard in Resources */ = {isa = PBXBuildFile; fileRef = 8F3488A81DDDD2DF000E9A86 /* Tap.storyboard */; };
		8F3488AB1DDDD2FB000E9A86 /* TapViewController.swift in Sources */ = {isa = PBXBuildFile; fileRef = 8F3488AA1DDDD2FB000E9A86 /* TapViewController.swift */; };
		8F3488AD1DDDE369000E9A86 /* Animate.storyboard in Resources */ = {isa = PBXBuildFile; fileRef = 8F3488AC1DDDE369000E9A86 /* Animate.storyboard */; };
		8F3488AF1DDDE537000E9A86 /* Trace.storyboard in Resources */ = {isa = PBXBuildFile; fileRef = 8F3488AE1DDDE537000E9A86 /* Trace.storyboard */; };
		8F3488B11DDDE560000E9A86 /* TraceViewController.swift in Sources */ = {isa = PBXBuildFile; fileRef = 8F3488B01DDDE560000E9A86 /* TraceViewController.swift */; };
		8F3488B31DDDE7DB000E9A86 /* CGPoint.swift in Sources */ = {isa = PBXBuildFile; fileRef = 8F3488B21DDDE7DB000E9A86 /* CGPoint.swift */; };
		8F3488B51DDDECB6000E9A86 /* MaskDot.swift in Sources */ = {isa = PBXBuildFile; fileRef = 8F3488B41DDDECB6000E9A86 /* MaskDot.swift */; };
		8F4B05EE1DE5C03400FB045B /* DotLayer.swift in Sources */ = {isa = PBXBuildFile; fileRef = 8F4B05ED1DE5C03400FB045B /* DotLayer.swift */; };
		8F4B05F01DE5C15200FB045B /* DrawnLayerDotView.swift in Sources */ = {isa = PBXBuildFile; fileRef = 8F4B05EF1DE5C15200FB045B /* DrawnLayerDotView.swift */; };
		8F4B05F21DE5C1BE00FB045B /* CGColor.swift in Sources */ = {isa = PBXBuildFile; fileRef = 8F4B05F11DE5C1BE00FB045B /* CGColor.swift */; };
		8F4B05F41DE5CADE00FB045B /* ShapeDotView.swift in Sources */ = {isa = PBXBuildFile; fileRef = 8F4B05F31DE5CADE00FB045B /* ShapeDotView.swift */; };
		8F4B05F61DE5DA9B00FB045B /* CGPath.swift in Sources */ = {isa = PBXBuildFile; fileRef = 8F4B05F51DE5DA9B00FB045B /* CGPath.swift */; };
		8F4B05F81DE639DF00FB045B /* DotLayerPathView.swift in Sources */ = {isa = PBXBuildFile; fileRef = 8F4B05F71DE639DF00FB045B /* DotLayerPathView.swift */; };
		8F4B05FA1DE640BB00FB045B /* RoundedLayer.swift in Sources */ = {isa = PBXBuildFile; fileRef = 8F4B05F91DE640BB00FB045B /* RoundedLayer.swift */; };
		8F4B05FC1DE6426F00FB045B /* RoundedDotView.swift in Sources */ = {isa = PBXBuildFile; fileRef = 8F4B05FB1DE6426F00FB045B /* RoundedDotView.swift */; };
		8FA0DE2F1DDEF86000EEF8A9 /* UpdatingDotView.swift in Sources */ = {isa = PBXBuildFile; fileRef = 8FA0DE2E1DDEF86000EEF8A9 /* UpdatingDotView.swift */; };
		8FA0DE331DDF035000EEF8A9 /* DelegateDotView.swift in Sources */ = {isa = PBXBuildFile; fileRef = 8FA0DE321DDF035000EEF8A9 /* DelegateDotView.swift */; };
		8FA88A1B1DDCA88C00A98DC9 /* Dot.framework in Frameworks */ = {isa = PBXBuildFile; fileRef = 8FA88A111DDCA88C00A98DC9 /* Dot.framework */; };
		8FA88A201DDCA88C00A98DC9 /* DotTests.swift in Sources */ = {isa = PBXBuildFile; fileRef = 8FA88A1F1DDCA88C00A98DC9 /* DotTests.swift */; };
		8FA88A221DDCA88C00A98DC9 /* Dot.h in Headers */ = {isa = PBXBuildFile; fileRef = 8FA88A141DDCA88C00A98DC9 /* Dot.h */; settings = {ATTRIBUTES = (Public, ); }; };
		8FA88A2E1DDCA8AC00A98DC9 /* DotView.swift in Sources */ = {isa = PBXBuildFile; fileRef = 8FA88A2D1DDCA8AC00A98DC9 /* DotView.swift */; };
		8FA88A361DDCA93E00A98DC9 /* AppDelegate.swift in Sources */ = {isa = PBXBuildFile; fileRef = 8FA88A351DDCA93E00A98DC9 /* AppDelegate.swift */; };
		8FA88A381DDCA93E00A98DC9 /* AnimateViewController.swift in Sources */ = {isa = PBXBuildFile; fileRef = 8FA88A371DDCA93E00A98DC9 /* AnimateViewController.swift */; };
		8FA88A3B1DDCA93E00A98DC9 /* Main.storyboard in Resources */ = {isa = PBXBuildFile; fileRef = 8FA88A391DDCA93E00A98DC9 /* Main.storyboard */; };
		8FA88A3D1DDCA93F00A98DC9 /* Assets.xcassets in Resources */ = {isa = PBXBuildFile; fileRef = 8FA88A3C1DDCA93F00A98DC9 /* Assets.xcassets */; };
		8FA88A401DDCA93F00A98DC9 /* LaunchScreen.storyboard in Resources */ = {isa = PBXBuildFile; fileRef = 8FA88A3E1DDCA93F00A98DC9 /* LaunchScreen.storyboard */; };
		8FA88A4B1DDCA93F00A98DC9 /* DotDemoUITests.swift in Sources */ = {isa = PBXBuildFile; fileRef = 8FA88A4A1DDCA93F00A98DC9 /* DotDemoUITests.swift */; };
		8FA88A541DDCAA8300A98DC9 /* CGRect.swift in Sources */ = {isa = PBXBuildFile; fileRef = 8FA88A531DDCAA8300A98DC9 /* CGRect.swift */; };
		8FA88A551DDCADEB00A98DC9 /* Dot.framework in Frameworks */ = {isa = PBXBuildFile; fileRef = 8FA88A111DDCA88C00A98DC9 /* Dot.framework */; };
		8FA88A561DDCADEB00A98DC9 /* Dot.framework in Embed Frameworks */ = {isa = PBXBuildFile; fileRef = 8FA88A111DDCA88C00A98DC9 /* Dot.framework */; settings = {ATTRIBUTES = (CodeSignOnCopy, RemoveHeadersOnCopy, ); }; };
		8FCE7FB51DDDFA40003443C0 /* LayerDot.swift in Sources */ = {isa = PBXBuildFile; fileRef = 8FCE7FB41DDDFA40003443C0 /* LayerDot.swift */; };
		8FCE7FB71DDDFDCE003443C0 /* ImageDot.swift in Sources */ = {isa = PBXBuildFile; fileRef = 8FCE7FB61DDDFDCE003443C0 /* ImageDot.swift */; };
		8FD7D7A21DE722EF00D0A77C /* WobbleViewController.swift in Sources */ = {isa = PBXBuildFile; fileRef = 8FD7D7A11DE722EF00D0A77C /* WobbleViewController.swift */; };
		8FD7D7A41DE722F900D0A77C /* Wobble.storyboard in Resources */ = {isa = PBXBuildFile; fileRef = 8FD7D7A31DE722F900D0A77C /* Wobble.storyboard */; };
		8FD7D7A61DEED2A700D0A77C /* Pull.storyboard in Resources */ = {isa = PBXBuildFile; fileRef = 8FD7D7A51DEED2A700D0A77C /* Pull.storyboard */; };
		8FD7D7A81DEED2B200D0A77C /* PullViewController.swift in Sources */ = {isa = PBXBuildFile; fileRef = 8FD7D7A71DEED2B200D0A77C /* PullViewController.swift */; };
		8FD7D7AA1DEF158700D0A77C /* Move.storyboard in Resources */ = {isa = PBXBuildFile; fileRef = 8FD7D7A91DEF158700D0A77C /* Move.storyboard */; };
		8FD7D7AC1DEF159000D0A77C /* MoveViewController.swift in Sources */ = {isa = PBXBuildFile; fileRef = 8FD7D7AB1DEF159000D0A77C /* MoveViewController.swift */; };
/* End PBXBuildFile section */

/* Begin PBXContainerItemProxy section */
		8FA88A1C1DDCA88C00A98DC9 /* PBXContainerItemProxy */ = {
			isa = PBXContainerItemProxy;
			containerPortal = 8FA88A081DDCA88C00A98DC9 /* Project object */;
			proxyType = 1;
			remoteGlobalIDString = 8FA88A101DDCA88C00A98DC9;
			remoteInfo = Dot;
		};
		8FA88A471DDCA93F00A98DC9 /* PBXContainerItemProxy */ = {
			isa = PBXContainerItemProxy;
			containerPortal = 8FA88A081DDCA88C00A98DC9 /* Project object */;
			proxyType = 1;
			remoteGlobalIDString = 8FA88A321DDCA93E00A98DC9;
			remoteInfo = DotDemo;
		};
		8FA88A571DDCADEB00A98DC9 /* PBXContainerItemProxy */ = {
			isa = PBXContainerItemProxy;
			containerPortal = 8FA88A081DDCA88C00A98DC9 /* Project object */;
			proxyType = 1;
			remoteGlobalIDString = 8FA88A101DDCA88C00A98DC9;
			remoteInfo = Dot;
		};
/* End PBXContainerItemProxy section */

/* Begin PBXCopyFilesBuildPhase section */
		8FA88A591DDCADEB00A98DC9 /* Embed Frameworks */ = {
			isa = PBXCopyFilesBuildPhase;
			buildActionMask = 2147483647;
			dstPath = "";
			dstSubfolderSpec = 10;
			files = (
				8FA88A561DDCADEB00A98DC9 /* Dot.framework in Embed Frameworks */,
			);
			name = "Embed Frameworks";
			runOnlyForDeploymentPostprocessing = 0;
		};
/* End PBXCopyFilesBuildPhase section */

/* Begin PBXFileReference section */
		8F3488A81DDDD2DF000E9A86 /* Tap.storyboard */ = {isa = PBXFileReference; fileEncoding = 4; lastKnownFileType = file.storyboard; path = Tap.storyboard; sourceTree = "<group>"; };
		8F3488AA1DDDD2FB000E9A86 /* TapViewController.swift */ = {isa = PBXFileReference; fileEncoding = 4; lastKnownFileType = sourcecode.swift; path = TapViewController.swift; sourceTree = "<group>"; };
		8F3488AC1DDDE369000E9A86 /* Animate.storyboard */ = {isa = PBXFileReference; fileEncoding = 4; lastKnownFileType = file.storyboard; path = Animate.storyboard; sourceTree = "<group>"; };
		8F3488AE1DDDE537000E9A86 /* Trace.storyboard */ = {isa = PBXFileReference; fileEncoding = 4; lastKnownFileType = file.storyboard; path = Trace.storyboard; sourceTree = "<group>"; };
		8F3488B01DDDE560000E9A86 /* TraceViewController.swift */ = {isa = PBXFileReference; fileEncoding = 4; lastKnownFileType = sourcecode.swift; path = TraceViewController.swift; sourceTree = "<group>"; };
		8F3488B21DDDE7DB000E9A86 /* CGPoint.swift */ = {isa = PBXFileReference; fileEncoding = 4; lastKnownFileType = sourcecode.swift; path = CGPoint.swift; sourceTree = "<group>"; };
		8F3488B41DDDECB6000E9A86 /* MaskDot.swift */ = {isa = PBXFileReference; fileEncoding = 4; lastKnownFileType = sourcecode.swift; path = MaskDot.swift; sourceTree = "<group>"; };
		8F4B05ED1DE5C03400FB045B /* DotLayer.swift */ = {isa = PBXFileReference; fileEncoding = 4; lastKnownFileType = sourcecode.swift; path = DotLayer.swift; sourceTree = "<group>"; };
		8F4B05EF1DE5C15200FB045B /* DrawnLayerDotView.swift */ = {isa = PBXFileReference; fileEncoding = 4; lastKnownFileType = sourcecode.swift; path = DrawnLayerDotView.swift; sourceTree = "<group>"; };
		8F4B05F11DE5C1BE00FB045B /* CGColor.swift */ = {isa = PBXFileReference; fileEncoding = 4; lastKnownFileType = sourcecode.swift; path = CGColor.swift; sourceTree = "<group>"; };
		8F4B05F31DE5CADE00FB045B /* ShapeDotView.swift */ = {isa = PBXFileReference; fileEncoding = 4; lastKnownFileType = sourcecode.swift; path = ShapeDotView.swift; sourceTree = "<group>"; };
		8F4B05F51DE5DA9B00FB045B /* CGPath.swift */ = {isa = PBXFileReference; fileEncoding = 4; lastKnownFileType = sourcecode.swift; path = CGPath.swift; sourceTree = "<group>"; };
		8F4B05F71DE639DF00FB045B /* DotLayerPathView.swift */ = {isa = PBXFileReference; fileEncoding = 4; lastKnownFileType = sourcecode.swift; path = DotLayerPathView.swift; sourceTree = "<group>"; };
		8F4B05F91DE640BB00FB045B /* RoundedLayer.swift */ = {isa = PBXFileReference; fileEncoding = 4; lastKnownFileType = sourcecode.swift; path = RoundedLayer.swift; sourceTree = "<group>"; };
		8F4B05FB1DE6426F00FB045B /* RoundedDotView.swift */ = {isa = PBXFileReference; fileEncoding = 4; lastKnownFileType = sourcecode.swift; path = RoundedDotView.swift; sourceTree = "<group>"; };
		8FA0DE2E1DDEF86000EEF8A9 /* UpdatingDotView.swift */ = {isa = PBXFileReference; fileEncoding = 4; lastKnownFileType = sourcecode.swift; path = UpdatingDotView.swift; sourceTree = "<group>"; };
		8FA0DE321DDF035000EEF8A9 /* DelegateDotView.swift */ = {isa = PBXFileReference; fileEncoding = 4; lastKnownFileType = sourcecode.swift; path = DelegateDotView.swift; sourceTree = "<group>"; };
		8FA88A111DDCA88C00A98DC9 /* Dot.framework */ = {isa = PBXFileReference; explicitFileType = wrapper.framework; includeInIndex = 0; path = Dot.framework; sourceTree = BUILT_PRODUCTS_DIR; };
		8FA88A141DDCA88C00A98DC9 /* Dot.h */ = {isa = PBXFileReference; lastKnownFileType = sourcecode.c.h; path = Dot.h; sourceTree = "<group>"; };
		8FA88A151DDCA88C00A98DC9 /* Info.plist */ = {isa = PBXFileReference; lastKnownFileType = text.plist.xml; path = Info.plist; sourceTree = "<group>"; };
		8FA88A1A1DDCA88C00A98DC9 /* DotTests.xctest */ = {isa = PBXFileReference; explicitFileType = wrapper.cfbundle; includeInIndex = 0; path = DotTests.xctest; sourceTree = BUILT_PRODUCTS_DIR; };
		8FA88A1F1DDCA88C00A98DC9 /* DotTests.swift */ = {isa = PBXFileReference; lastKnownFileType = sourcecode.swift; path = DotTests.swift; sourceTree = "<group>"; };
		8FA88A211DDCA88C00A98DC9 /* Info.plist */ = {isa = PBXFileReference; lastKnownFileType = text.plist.xml; path = Info.plist; sourceTree = "<group>"; };
		8FA88A2D1DDCA8AC00A98DC9 /* DotView.swift */ = {isa = PBXFileReference; fileEncoding = 4; lastKnownFileType = sourcecode.swift; path = DotView.swift; sourceTree = "<group>"; };
		8FA88A331DDCA93E00A98DC9 /* DotDemo.app */ = {isa = PBXFileReference; explicitFileType = wrapper.application; includeInIndex = 0; path = DotDemo.app; sourceTree = BUILT_PRODUCTS_DIR; };
		8FA88A351DDCA93E00A98DC9 /* AppDelegate.swift */ = {isa = PBXFileReference; lastKnownFileType = sourcecode.swift; path = AppDelegate.swift; sourceTree = "<group>"; };
		8FA88A371DDCA93E00A98DC9 /* AnimateViewController.swift */ = {isa = PBXFileReference; lastKnownFileType = sourcecode.swift; path = AnimateViewController.swift; sourceTree = "<group>"; };
		8FA88A3A1DDCA93E00A98DC9 /* Base */ = {isa = PBXFileReference; lastKnownFileType = file.storyboard; name = Base; path = Base.lproj/Main.storyboard; sourceTree = "<group>"; };
		8FA88A3C1DDCA93F00A98DC9 /* Assets.xcassets */ = {isa = PBXFileReference; lastKnownFileType = folder.assetcatalog; path = Assets.xcassets; sourceTree = "<group>"; };
		8FA88A3F1DDCA93F00A98DC9 /* Base */ = {isa = PBXFileReference; lastKnownFileType = file.storyboard; name = Base; path = Base.lproj/LaunchScreen.storyboard; sourceTree = "<group>"; };
		8FA88A411DDCA93F00A98DC9 /* Info.plist */ = {isa = PBXFileReference; lastKnownFileType = text.plist.xml; path = Info.plist; sourceTree = "<group>"; };
		8FA88A461DDCA93F00A98DC9 /* DotDemoUITests.xctest */ = {isa = PBXFileReference; explicitFileType = wrapper.cfbundle; includeInIndex = 0; path = DotDemoUITests.xctest; sourceTree = BUILT_PRODUCTS_DIR; };
		8FA88A4A1DDCA93F00A98DC9 /* DotDemoUITests.swift */ = {isa = PBXFileReference; lastKnownFileType = sourcecode.swift; path = DotDemoUITests.swift; sourceTree = "<group>"; };
		8FA88A4C1DDCA93F00A98DC9 /* Info.plist */ = {isa = PBXFileReference; lastKnownFileType = text.plist.xml; path = Info.plist; sourceTree = "<group>"; };
		8FA88A531DDCAA8300A98DC9 /* CGRect.swift */ = {isa = PBXFileReference; fileEncoding = 4; lastKnownFileType = sourcecode.swift; path = CGRect.swift; sourceTree = "<group>"; };
		8FCE7FB41DDDFA40003443C0 /* LayerDot.swift */ = {isa = PBXFileReference; fileEncoding = 4; lastKnownFileType = sourcecode.swift; path = LayerDot.swift; sourceTree = "<group>"; };
		8FCE7FB61DDDFDCE003443C0 /* ImageDot.swift */ = {isa = PBXFileReference; fileEncoding = 4; lastKnownFileType = sourcecode.swift; path = ImageDot.swift; sourceTree = "<group>"; };
		8FD7D7A11DE722EF00D0A77C /* WobbleViewController.swift */ = {isa = PBXFileReference; fileEncoding = 4; lastKnownFileType = sourcecode.swift; path = WobbleViewController.swift; sourceTree = "<group>"; };
		8FD7D7A31DE722F900D0A77C /* Wobble.storyboard */ = {isa = PBXFileReference; fileEncoding = 4; lastKnownFileType = file.storyboard; path = Wobble.storyboard; sourceTree = "<group>"; };
		8FD7D7A51DEED2A700D0A77C /* Pull.storyboard */ = {isa = PBXFileReference; fileEncoding = 4; lastKnownFileType = file.storyboard; path = Pull.storyboard; sourceTree = "<group>"; };
		8FD7D7A71DEED2B200D0A77C /* PullViewController.swift */ = {isa = PBXFileReference; fileEncoding = 4; lastKnownFileType = sourcecode.swift; path = PullViewController.swift; sourceTree = "<group>"; };
		8FD7D7A91DEF158700D0A77C /* Move.storyboard */ = {isa = PBXFileReference; fileEncoding = 4; lastKnownFileType = file.storyboard; path = Move.storyboard; sourceTree = "<group>"; };
		8FD7D7AB1DEF159000D0A77C /* MoveViewController.swift */ = {isa = PBXFileReference; fileEncoding = 4; lastKnownFileType = sourcecode.swift; path = MoveViewController.swift; sourceTree = "<group>"; };
/* End PBXFileReference section */

/* Begin PBXFrameworksBuildPhase section */
		8FA88A0D1DDCA88C00A98DC9 /* Frameworks */ = {
			isa = PBXFrameworksBuildPhase;
			buildActionMask = 2147483647;
			files = (
			);
			runOnlyForDeploymentPostprocessing = 0;
		};
		8FA88A171DDCA88C00A98DC9 /* Frameworks */ = {
			isa = PBXFrameworksBuildPhase;
			buildActionMask = 2147483647;
			files = (
				8FA88A1B1DDCA88C00A98DC9 /* Dot.framework in Frameworks */,
			);
			runOnlyForDeploymentPostprocessing = 0;
		};
		8FA88A301DDCA93E00A98DC9 /* Frameworks */ = {
			isa = PBXFrameworksBuildPhase;
			buildActionMask = 2147483647;
			files = (
				8FA88A551DDCADEB00A98DC9 /* Dot.framework in Frameworks */,
			);
			runOnlyForDeploymentPostprocessing = 0;
		};
		8FA88A431DDCA93F00A98DC9 /* Frameworks */ = {
			isa = PBXFrameworksBuildPhase;
			buildActionMask = 2147483647;
			files = (
			);
			runOnlyForDeploymentPostprocessing = 0;
		};
/* End PBXFrameworksBuildPhase section */

/* Begin PBXGroup section */
		8FA88A071DDCA88C00A98DC9 = {
			isa = PBXGroup;
			children = (
				8FA88A131DDCA88C00A98DC9 /* Dot */,
				8FA88A1E1DDCA88C00A98DC9 /* DotTests */,
				8FA88A341DDCA93E00A98DC9 /* DotDemo */,
				8FA88A491DDCA93F00A98DC9 /* DotDemoUITests */,
				8FA88A121DDCA88C00A98DC9 /* Products */,
			);
			sourceTree = "<group>";
		};
		8FA88A121DDCA88C00A98DC9 /* Products */ = {
			isa = PBXGroup;
			children = (
				8FA88A111DDCA88C00A98DC9 /* Dot.framework */,
				8FA88A1A1DDCA88C00A98DC9 /* DotTests.xctest */,
				8FA88A331DDCA93E00A98DC9 /* DotDemo.app */,
				8FA88A461DDCA93F00A98DC9 /* DotDemoUITests.xctest */,
			);
			name = Products;
			sourceTree = "<group>";
		};
		8FA88A131DDCA88C00A98DC9 /* Dot */ = {
			isa = PBXGroup;
			children = (
				8FA88A141DDCA88C00A98DC9 /* Dot.h */,
				8FA88A531DDCAA8300A98DC9 /* CGRect.swift */,
				8F3488B21DDDE7DB000E9A86 /* CGPoint.swift */,
				8F4B05F11DE5C1BE00FB045B /* CGColor.swift */,
				8F4B05F51DE5DA9B00FB045B /* CGPath.swift */,
				8FA88A151DDCA88C00A98DC9 /* Info.plist */,
				8FA88A2D1DDCA8AC00A98DC9 /* DotView.swift */,
				8FA0DE2E1DDEF86000EEF8A9 /* UpdatingDotView.swift */,
				8F3488B41DDDECB6000E9A86 /* MaskDot.swift */,
				8FCE7FB41DDDFA40003443C0 /* LayerDot.swift */,
				8F4B05ED1DE5C03400FB045B /* DotLayer.swift */,
				8F4B05EF1DE5C15200FB045B /* DrawnLayerDotView.swift */,
				8FA0DE321DDF035000EEF8A9 /* DelegateDotView.swift */,
				8F4B05F31DE5CADE00FB045B /* ShapeDotView.swift */,
				8F4B05F71DE639DF00FB045B /* DotLayerPathView.swift */,
				8FCE7FB61DDDFDCE003443C0 /* ImageDot.swift */,
				8F4B05F91DE640BB00FB045B /* RoundedLayer.swift */,
				8F4B05FB1DE6426F00FB045B /* RoundedDotView.swift */,
			);
			path = Dot;
			sourceTree = "<group>";
		};
		8FA88A1E1DDCA88C00A98DC9 /* DotTests */ = {
			isa = PBXGroup;
			children = (
				8FA88A1F1DDCA88C00A98DC9 /* DotTests.swift */,
				8FA88A211DDCA88C00A98DC9 /* Info.plist */,
			);
			path = DotTests;
			sourceTree = "<group>";
		};
		8FA88A341DDCA93E00A98DC9 /* DotDemo */ = {
			isa = PBXGroup;
			children = (
				8FA88A351DDCA93E00A98DC9 /* AppDelegate.swift */,
				8FA88A391DDCA93E00A98DC9 /* Main.storyboard */,
				8F3488A81DDDD2DF000E9A86 /* Tap.storyboard */,
				8F3488AA1DDDD2FB000E9A86 /* TapViewController.swift */,
				8F3488AC1DDDE369000E9A86 /* Animate.storyboard */,
				8FA88A371DDCA93E00A98DC9 /* AnimateViewController.swift */,
				8F3488AE1DDDE537000E9A86 /* Trace.storyboard */,
				8F3488B01DDDE560000E9A86 /* TraceViewController.swift */,
				8FD7D7A31DE722F900D0A77C /* Wobble.storyboard */,
				8FD7D7A11DE722EF00D0A77C /* WobbleViewController.swift */,
				8FD7D7A51DEED2A700D0A77C /* Pull.storyboard */,
				8FD7D7A71DEED2B200D0A77C /* PullViewController.swift */,
				8FD7D7A91DEF158700D0A77C /* Move.storyboard */,
				8FD7D7AB1DEF159000D0A77C /* MoveViewController.swift */,
				8FA88A3C1DDCA93F00A98DC9 /* Assets.xcassets */,
				8FA88A3E1DDCA93F00A98DC9 /* LaunchScreen.storyboard */,
				8FA88A411DDCA93F00A98DC9 /* Info.plist */,
			);
			path = DotDemo;
			sourceTree = "<group>";
		};
		8FA88A491DDCA93F00A98DC9 /* DotDemoUITests */ = {
			isa = PBXGroup;
			children = (
				8FA88A4A1DDCA93F00A98DC9 /* DotDemoUITests.swift */,
				8FA88A4C1DDCA93F00A98DC9 /* Info.plist */,
			);
			path = DotDemoUITests;
			sourceTree = "<group>";
		};
/* End PBXGroup section */

/* Begin PBXHeadersBuildPhase section */
		8FA88A0E1DDCA88C00A98DC9 /* Headers */ = {
			isa = PBXHeadersBuildPhase;
			buildActionMask = 2147483647;
			files = (
				8FA88A221DDCA88C00A98DC9 /* Dot.h in Headers */,
			);
			runOnlyForDeploymentPostprocessing = 0;
		};
/* End PBXHeadersBuildPhase section */

/* Begin PBXNativeTarget section */
		8FA88A101DDCA88C00A98DC9 /* Dot */ = {
			isa = PBXNativeTarget;
			buildConfigurationList = 8FA88A251DDCA88C00A98DC9 /* Build configuration list for PBXNativeTarget "Dot" */;
			buildPhases = (
				8FA88A0C1DDCA88C00A98DC9 /* Sources */,
				8FA88A0D1DDCA88C00A98DC9 /* Frameworks */,
				8FA88A0E1DDCA88C00A98DC9 /* Headers */,
				8FA88A0F1DDCA88C00A98DC9 /* Resources */,
			);
			buildRules = (
			);
			dependencies = (
			);
			name = Dot;
			productName = Dot;
			productReference = 8FA88A111DDCA88C00A98DC9 /* Dot.framework */;
			productType = "com.apple.product-type.framework";
		};
		8FA88A191DDCA88C00A98DC9 /* DotTests */ = {
			isa = PBXNativeTarget;
			buildConfigurationList = 8FA88A281DDCA88C00A98DC9 /* Build configuration list for PBXNativeTarget "DotTests" */;
			buildPhases = (
				8FA88A161DDCA88C00A98DC9 /* Sources */,
				8FA88A171DDCA88C00A98DC9 /* Frameworks */,
				8FA88A181DDCA88C00A98DC9 /* Resources */,
			);
			buildRules = (
			);
			dependencies = (
				8FA88A1D1DDCA88C00A98DC9 /* PBXTargetDependency */,
			);
			name = DotTests;
			productName = DotTests;
			productReference = 8FA88A1A1DDCA88C00A98DC9 /* DotTests.xctest */;
			productType = "com.apple.product-type.bundle.unit-test";
		};
		8FA88A321DDCA93E00A98DC9 /* DotDemo */ = {
			isa = PBXNativeTarget;
			buildConfigurationList = 8FA88A4D1DDCA93F00A98DC9 /* Build configuration list for PBXNativeTarget "DotDemo" */;
			buildPhases = (
				8FA88A2F1DDCA93E00A98DC9 /* Sources */,
				8FA88A301DDCA93E00A98DC9 /* Frameworks */,
				8FA88A311DDCA93E00A98DC9 /* Resources */,
				8FA88A591DDCADEB00A98DC9 /* Embed Frameworks */,
			);
			buildRules = (
			);
			dependencies = (
				8FA88A581DDCADEB00A98DC9 /* PBXTargetDependency */,
			);
			name = DotDemo;
			productName = DotDemo;
			productReference = 8FA88A331DDCA93E00A98DC9 /* DotDemo.app */;
			productType = "com.apple.product-type.application";
		};
		8FA88A451DDCA93F00A98DC9 /* DotDemoUITests */ = {
			isa = PBXNativeTarget;
			buildConfigurationList = 8FA88A501DDCA93F00A98DC9 /* Build configuration list for PBXNativeTarget "DotDemoUITests" */;
			buildPhases = (
				8FA88A421DDCA93F00A98DC9 /* Sources */,
				8FA88A431DDCA93F00A98DC9 /* Frameworks */,
				8FA88A441DDCA93F00A98DC9 /* Resources */,
			);
			buildRules = (
			);
			dependencies = (
				8FA88A481DDCA93F00A98DC9 /* PBXTargetDependency */,
			);
			name = DotDemoUITests;
			productName = DotDemoUITests;
			productReference = 8FA88A461DDCA93F00A98DC9 /* DotDemoUITests.xctest */;
			productType = "com.apple.product-type.bundle.ui-testing";
		};
/* End PBXNativeTarget section */

/* Begin PBXProject section */
		8FA88A081DDCA88C00A98DC9 /* Project object */ = {
			isa = PBXProject;
			attributes = {
				LastSwiftUpdateCheck = 0800;
				LastUpgradeCheck = 0810;
				ORGANIZATIONNAME = "Silverback IT";
				TargetAttributes = {
					8FA88A101DDCA88C00A98DC9 = {
						CreatedOnToolsVersion = 8.0;
						DevelopmentTeam = 9HQR3Y4WE5;
						LastSwiftMigration = 0800;
						ProvisioningStyle = Automatic;
					};
					8FA88A191DDCA88C00A98DC9 = {
						CreatedOnToolsVersion = 8.0;
						DevelopmentTeam = 9HQR3Y4WE5;
						ProvisioningStyle = Automatic;
					};
					8FA88A321DDCA93E00A98DC9 = {
						CreatedOnToolsVersion = 8.0;
						DevelopmentTeam = 9HQR3Y4WE5;
						ProvisioningStyle = Automatic;
					};
					8FA88A451DDCA93F00A98DC9 = {
						CreatedOnToolsVersion = 8.0;
						DevelopmentTeam = 9HQR3Y4WE5;
						ProvisioningStyle = Automatic;
						TestTargetID = 8FA88A321DDCA93E00A98DC9;
					};
				};
			};
			buildConfigurationList = 8FA88A0B1DDCA88C00A98DC9 /* Build configuration list for PBXProject "Dot" */;
			compatibilityVersion = "Xcode 3.2";
			developmentRegion = English;
			hasScannedForEncodings = 0;
			knownRegions = (
				en,
				Base,
			);
			mainGroup = 8FA88A071DDCA88C00A98DC9;
			productRefGroup = 8FA88A121DDCA88C00A98DC9 /* Products */;
			projectDirPath = "";
			projectRoot = "";
			targets = (
				8FA88A101DDCA88C00A98DC9 /* Dot */,
				8FA88A191DDCA88C00A98DC9 /* DotTests */,
				8FA88A321DDCA93E00A98DC9 /* DotDemo */,
				8FA88A451DDCA93F00A98DC9 /* DotDemoUITests */,
			);
		};
/* End PBXProject section */

/* Begin PBXResourcesBuildPhase section */
		8FA88A0F1DDCA88C00A98DC9 /* Resources */ = {
			isa = PBXResourcesBuildPhase;
			buildActionMask = 2147483647;
			files = (
			);
			runOnlyForDeploymentPostprocessing = 0;
		};
		8FA88A181DDCA88C00A98DC9 /* Resources */ = {
			isa = PBXResourcesBuildPhase;
			buildActionMask = 2147483647;
			files = (
			);
			runOnlyForDeploymentPostprocessing = 0;
		};
		8FA88A311DDCA93E00A98DC9 /* Resources */ = {
			isa = PBXResourcesBuildPhase;
			buildActionMask = 2147483647;
			files = (
				8F3488AF1DDDE537000E9A86 /* Trace.storyboard in Resources */,
				8FA88A401DDCA93F00A98DC9 /* LaunchScreen.storyboard in Resources */,
				8FD7D7A41DE722F900D0A77C /* Wobble.storyboard in Resources */,
				8FD7D7A61DEED2A700D0A77C /* Pull.storyboard in Resources */,
				8FA88A3D1DDCA93F00A98DC9 /* Assets.xcassets in Resources */,
				8FD7D7AA1DEF158700D0A77C /* Move.storyboard in Resources */,
				8F3488AD1DDDE369000E9A86 /* Animate.storyboard in Resources */,
				8F3488A91DDDD2DF000E9A86 /* Tap.storyboard in Resources */,
				8FA88A3B1DDCA93E00A98DC9 /* Main.storyboard in Resources */,
			);
			runOnlyForDeploymentPostprocessing = 0;
		};
		8FA88A441DDCA93F00A98DC9 /* Resources */ = {
			isa = PBXResourcesBuildPhase;
			buildActionMask = 2147483647;
			files = (
			);
			runOnlyForDeploymentPostprocessing = 0;
		};
/* End PBXResourcesBuildPhase section */

/* Begin PBXSourcesBuildPhase section */
		8FA88A0C1DDCA88C00A98DC9 /* Sources */ = {
			isa = PBXSourcesBuildPhase;
			buildActionMask = 2147483647;
			files = (
				8F3488B31DDDE7DB000E9A86 /* CGPoint.swift in Sources */,
				8F4B05F01DE5C15200FB045B /* DrawnLayerDotView.swift in Sources */,
				8F3488B51DDDECB6000E9A86 /* MaskDot.swift in Sources */,
				8FA88A2E1DDCA8AC00A98DC9 /* DotView.swift in Sources */,
				8F4B05F81DE639DF00FB045B /* DotLayerPathView.swift in Sources */,
				8F4B05F61DE5DA9B00FB045B /* CGPath.swift in Sources */,
				8F4B05EE1DE5C03400FB045B /* DotLayer.swift in Sources */,
				8FCE7FB71DDDFDCE003443C0 /* ImageDot.swift in Sources */,
				8FA0DE2F1DDEF86000EEF8A9 /* UpdatingDotView.swift in Sources */,
				8FA88A541DDCAA8300A98DC9 /* CGRect.swift in Sources */,
				8F4B05FC1DE6426F00FB045B /* RoundedDotView.swift in Sources */,
				8F4B05FA1DE640BB00FB045B /* RoundedLayer.swift in Sources */,
				8F4B05F21DE5C1BE00FB045B /* CGColor.swift in Sources */,
				8FA0DE331DDF035000EEF8A9 /* DelegateDotView.swift in Sources */,
				8F4B05F41DE5CADE00FB045B /* ShapeDotView.swift in Sources */,
				8FCE7FB51DDDFA40003443C0 /* LayerDot.swift in Sources */,
			);
			runOnlyForDeploymentPostprocessing = 0;
		};
		8FA88A161DDCA88C00A98DC9 /* Sources */ = {
			isa = PBXSourcesBuildPhase;
			buildActionMask = 2147483647;
			files = (
				8FA88A201DDCA88C00A98DC9 /* DotTests.swift in Sources */,
			);
			runOnlyForDeploymentPostprocessing = 0;
		};
		8FA88A2F1DDCA93E00A98DC9 /* Sources */ = {
			isa = PBXSourcesBuildPhase;
			buildActionMask = 2147483647;
			files = (
				8FA88A381DDCA93E00A98DC9 /* AnimateViewController.swift in Sources */,
				8FD7D7A81DEED2B200D0A77C /* PullViewController.swift in Sources */,
				8FD7D7A21DE722EF00D0A77C /* WobbleViewController.swift in Sources */,
				8FA88A361DDCA93E00A98DC9 /* AppDelegate.swift in Sources */,
				8FD7D7AC1DEF159000D0A77C /* MoveViewController.swift in Sources */,
				8F3488B11DDDE560000E9A86 /* TraceViewController.swift in Sources */,
				8F3488AB1DDDD2FB000E9A86 /* TapViewController.swift in Sources */,
			);
			runOnlyForDeploymentPostprocessing = 0;
		};
		8FA88A421DDCA93F00A98DC9 /* Sources */ = {
			isa = PBXSourcesBuildPhase;
			buildActionMask = 2147483647;
			files = (
				8FA88A4B1DDCA93F00A98DC9 /* DotDemoUITests.swift in Sources */,
			);
			runOnlyForDeploymentPostprocessing = 0;
		};
/* End PBXSourcesBuildPhase section */

/* Begin PBXTargetDependency section */
		8FA88A1D1DDCA88C00A98DC9 /* PBXTargetDependency */ = {
			isa = PBXTargetDependency;
			target = 8FA88A101DDCA88C00A98DC9 /* Dot */;
			targetProxy = 8FA88A1C1DDCA88C00A98DC9 /* PBXContainerItemProxy */;
		};
		8FA88A481DDCA93F00A98DC9 /* PBXTargetDependency */ = {
			isa = PBXTargetDependency;
			target = 8FA88A321DDCA93E00A98DC9 /* DotDemo */;
			targetProxy = 8FA88A471DDCA93F00A98DC9 /* PBXContainerItemProxy */;
		};
		8FA88A581DDCADEB00A98DC9 /* PBXTargetDependency */ = {
			isa = PBXTargetDependency;
			target = 8FA88A101DDCA88C00A98DC9 /* Dot */;
			targetProxy = 8FA88A571DDCADEB00A98DC9 /* PBXContainerItemProxy */;
		};
/* End PBXTargetDependency section */

/* Begin PBXVariantGroup section */
		8FA88A391DDCA93E00A98DC9 /* Main.storyboard */ = {
			isa = PBXVariantGroup;
			children = (
				8FA88A3A1DDCA93E00A98DC9 /* Base */,
			);
			name = Main.storyboard;
			sourceTree = "<group>";
		};
		8FA88A3E1DDCA93F00A98DC9 /* LaunchScreen.storyboard */ = {
			isa = PBXVariantGroup;
			children = (
				8FA88A3F1DDCA93F00A98DC9 /* Base */,
			);
			name = LaunchScreen.storyboard;
			sourceTree = "<group>";
		};
/* End PBXVariantGroup section */

/* Begin XCBuildConfiguration section */
		8FA88A231DDCA88C00A98DC9 /* Debug */ = {
			isa = XCBuildConfiguration;
			buildSettings = {
				ALWAYS_SEARCH_USER_PATHS = NO;
				CLANG_ANALYZER_NONNULL = YES;
				CLANG_CXX_LANGUAGE_STANDARD = "gnu++0x";
				CLANG_CXX_LIBRARY = "libc++";
				CLANG_ENABLE_MODULES = YES;
				CLANG_ENABLE_OBJC_ARC = YES;
				CLANG_WARN_BOOL_CONVERSION = YES;
				CLANG_WARN_CONSTANT_CONVERSION = YES;
				CLANG_WARN_DIRECT_OBJC_ISA_USAGE = YES_ERROR;
				CLANG_WARN_DOCUMENTATION_COMMENTS = YES;
				CLANG_WARN_EMPTY_BODY = YES;
				CLANG_WARN_ENUM_CONVERSION = YES;
				CLANG_WARN_INFINITE_RECURSION = YES;
				CLANG_WARN_INT_CONVERSION = YES;
				CLANG_WARN_OBJC_ROOT_CLASS = YES_ERROR;
				CLANG_WARN_SUSPICIOUS_MOVE = YES;
				CLANG_WARN_SUSPICIOUS_MOVES = YES;
				CLANG_WARN_UNREACHABLE_CODE = YES;
				CLANG_WARN__DUPLICATE_METHOD_MATCH = YES;
				"CODE_SIGN_IDENTITY[sdk=iphoneos*]" = "iPhone Developer";
				COPY_PHASE_STRIP = NO;
				CURRENT_PROJECT_VERSION = 1;
				DEBUG_INFORMATION_FORMAT = dwarf;
				ENABLE_STRICT_OBJC_MSGSEND = YES;
				ENABLE_TESTABILITY = YES;
				GCC_C_LANGUAGE_STANDARD = gnu99;
				GCC_DYNAMIC_NO_PIC = NO;
				GCC_NO_COMMON_BLOCKS = YES;
				GCC_OPTIMIZATION_LEVEL = 0;
				GCC_PREPROCESSOR_DEFINITIONS = (
					"DEBUG=1",
					"$(inherited)",
				);
				GCC_WARN_64_TO_32_BIT_CONVERSION = YES;
				GCC_WARN_ABOUT_RETURN_TYPE = YES_ERROR;
				GCC_WARN_UNDECLARED_SELECTOR = YES;
				GCC_WARN_UNINITIALIZED_AUTOS = YES_AGGRESSIVE;
				GCC_WARN_UNUSED_FUNCTION = YES;
				GCC_WARN_UNUSED_VARIABLE = YES;
				IPHONEOS_DEPLOYMENT_TARGET = 10.0;
				MTL_ENABLE_DEBUG_INFO = YES;
				ONLY_ACTIVE_ARCH = YES;
				SDKROOT = iphoneos;
				SWIFT_ACTIVE_COMPILATION_CONDITIONS = DEBUG;
				SWIFT_OPTIMIZATION_LEVEL = "-Onone";
				TARGETED_DEVICE_FAMILY = "1,2";
				VERSIONING_SYSTEM = "apple-generic";
				VERSION_INFO_PREFIX = "";
			};
			name = Debug;
		};
		8FA88A241DDCA88C00A98DC9 /* Release */ = {
			isa = XCBuildConfiguration;
			buildSettings = {
				ALWAYS_SEARCH_USER_PATHS = NO;
				CLANG_ANALYZER_NONNULL = YES;
				CLANG_CXX_LANGUAGE_STANDARD = "gnu++0x";
				CLANG_CXX_LIBRARY = "libc++";
				CLANG_ENABLE_MODULES = YES;
				CLANG_ENABLE_OBJC_ARC = YES;
				CLANG_WARN_BOOL_CONVERSION = YES;
				CLANG_WARN_CONSTANT_CONVERSION = YES;
				CLANG_WARN_DIRECT_OBJC_ISA_USAGE = YES_ERROR;
				CLANG_WARN_DOCUMENTATION_COMMENTS = YES;
				CLANG_WARN_EMPTY_BODY = YES;
				CLANG_WARN_ENUM_CONVERSION = YES;
				CLANG_WARN_INFINITE_RECURSION = YES;
				CLANG_WARN_INT_CONVERSION = YES;
				CLANG_WARN_OBJC_ROOT_CLASS = YES_ERROR;
				CLANG_WARN_SUSPICIOUS_MOVE = YES;
				CLANG_WARN_SUSPICIOUS_MOVES = YES;
				CLANG_WARN_UNREACHABLE_CODE = YES;
				CLANG_WARN__DUPLICATE_METHOD_MATCH = YES;
				"CODE_SIGN_IDENTITY[sdk=iphoneos*]" = "iPhone Developer";
				COPY_PHASE_STRIP = NO;
				CURRENT_PROJECT_VERSION = 1;
				DEBUG_INFORMATION_FORMAT = "dwarf-with-dsym";
				ENABLE_NS_ASSERTIONS = NO;
				ENABLE_STRICT_OBJC_MSGSEND = YES;
				GCC_C_LANGUAGE_STANDARD = gnu99;
				GCC_NO_COMMON_BLOCKS = YES;
				GCC_WARN_64_TO_32_BIT_CONVERSION = YES;
				GCC_WARN_ABOUT_RETURN_TYPE = YES_ERROR;
				GCC_WARN_UNDECLARED_SELECTOR = YES;
				GCC_WARN_UNINITIALIZED_AUTOS = YES_AGGRESSIVE;
				GCC_WARN_UNUSED_FUNCTION = YES;
				GCC_WARN_UNUSED_VARIABLE = YES;
				IPHONEOS_DEPLOYMENT_TARGET = 10.0;
				MTL_ENABLE_DEBUG_INFO = NO;
				SDKROOT = iphoneos;
				SWIFT_OPTIMIZATION_LEVEL = "-Owholemodule";
				TARGETED_DEVICE_FAMILY = "1,2";
				VALIDATE_PRODUCT = YES;
				VERSIONING_SYSTEM = "apple-generic";
				VERSION_INFO_PREFIX = "";
			};
			name = Release;
		};
		8FA88A261DDCA88C00A98DC9 /* Debug */ = {
			isa = XCBuildConfiguration;
			buildSettings = {
				CLANG_ENABLE_MODULES = YES;
				CODE_SIGN_IDENTITY = "";
				DEFINES_MODULE = YES;
				DEVELOPMENT_TEAM = 9HQR3Y4WE5;
				DYLIB_COMPATIBILITY_VERSION = 1;
				DYLIB_CURRENT_VERSION = 1;
				DYLIB_INSTALL_NAME_BASE = "@rpath";
				INFOPLIST_FILE = Dot/Info.plist;
				INSTALL_PATH = "$(LOCAL_LIBRARY_DIR)/Frameworks";
				LD_RUNPATH_SEARCH_PATHS = "$(inherited) @executable_path/Frameworks @loader_path/Frameworks";
				PRODUCT_BUNDLE_IDENTIFIER = "com.silverback-it.Dot";
				PRODUCT_NAME = "$(TARGET_NAME)";
				SKIP_INSTALL = YES;
				SWIFT_OPTIMIZATION_LEVEL = "-Onone";
				SWIFT_VERSION = 3.0;
			};
			name = Debug;
		};
		8FA88A271DDCA88C00A98DC9 /* Release */ = {
			isa = XCBuildConfiguration;
			buildSettings = {
				CLANG_ENABLE_MODULES = YES;
				CODE_SIGN_IDENTITY = "";
				DEFINES_MODULE = YES;
				DEVELOPMENT_TEAM = 9HQR3Y4WE5;
				DYLIB_COMPATIBILITY_VERSION = 1;
				DYLIB_CURRENT_VERSION = 1;
				DYLIB_INSTALL_NAME_BASE = "@rpath";
				INFOPLIST_FILE = Dot/Info.plist;
				INSTALL_PATH = "$(LOCAL_LIBRARY_DIR)/Frameworks";
				LD_RUNPATH_SEARCH_PATHS = "$(inherited) @executable_path/Frameworks @loader_path/Frameworks";
				PRODUCT_BUNDLE_IDENTIFIER = "com.silverback-it.Dot";
				PRODUCT_NAME = "$(TARGET_NAME)";
				SKIP_INSTALL = YES;
				SWIFT_VERSION = 3.0;
			};
			name = Release;
		};
		8FA88A291DDCA88C00A98DC9 /* Debug */ = {
			isa = XCBuildConfiguration;
			buildSettings = {
				ALWAYS_EMBED_SWIFT_STANDARD_LIBRARIES = YES;
				DEVELOPMENT_TEAM = 9HQR3Y4WE5;
				INFOPLIST_FILE = DotTests/Info.plist;
				LD_RUNPATH_SEARCH_PATHS = "$(inherited) @executable_path/Frameworks @loader_path/Frameworks";
				PRODUCT_BUNDLE_IDENTIFIER = "com.silverback-it.DotTests";
				PRODUCT_NAME = "$(TARGET_NAME)";
				SWIFT_VERSION = 3.0;
			};
			name = Debug;
		};
		8FA88A2A1DDCA88C00A98DC9 /* Release */ = {
			isa = XCBuildConfiguration;
			buildSettings = {
				ALWAYS_EMBED_SWIFT_STANDARD_LIBRARIES = YES;
				DEVELOPMENT_TEAM = 9HQR3Y4WE5;
				INFOPLIST_FILE = DotTests/Info.plist;
				LD_RUNPATH_SEARCH_PATHS = "$(inherited) @executable_path/Frameworks @loader_path/Frameworks";
				PRODUCT_BUNDLE_IDENTIFIER = "com.silverback-it.DotTests";
				PRODUCT_NAME = "$(TARGET_NAME)";
				SWIFT_VERSION = 3.0;
			};
			name = Release;
		};
		8FA88A4E1DDCA93F00A98DC9 /* Debug */ = {
			isa = XCBuildConfiguration;
			buildSettings = {
				ALWAYS_EMBED_SWIFT_STANDARD_LIBRARIES = YES;
				ASSETCATALOG_COMPILER_APPICON_NAME = AppIcon;
				DEVELOPMENT_TEAM = 9HQR3Y4WE5;
				INFOPLIST_FILE = DotDemo/Info.plist;
				LD_RUNPATH_SEARCH_PATHS = "$(inherited) @executable_path/Frameworks";
				PRODUCT_BUNDLE_IDENTIFIER = "com.silverback-it.DotDemo";
				PRODUCT_NAME = "$(TARGET_NAME)";
				SWIFT_VERSION = 3.0;
			};
			name = Debug;
		};
		8FA88A4F1DDCA93F00A98DC9 /* Release */ = {
			isa = XCBuildConfiguration;
			buildSettings = {
				ALWAYS_EMBED_SWIFT_STANDARD_LIBRARIES = YES;
				ASSETCATALOG_COMPILER_APPICON_NAME = AppIcon;
				DEVELOPMENT_TEAM = 9HQR3Y4WE5;
				INFOPLIST_FILE = DotDemo/Info.plist;
				LD_RUNPATH_SEARCH_PATHS = "$(inherited) @executable_path/Frameworks";
				PRODUCT_BUNDLE_IDENTIFIER = "com.silverback-it.DotDemo";
				PRODUCT_NAME = "$(TARGET_NAME)";
				SWIFT_VERSION = 3.0;
			};
			name = Release;
		};
		8FA88A511DDCA93F00A98DC9 /* Debug */ = {
			isa = XCBuildConfiguration;
			buildSettings = {
				ALWAYS_EMBED_SWIFT_STANDARD_LIBRARIES = YES;
				DEVELOPMENT_TEAM = 9HQR3Y4WE5;
				INFOPLIST_FILE = DotDemoUITests/Info.plist;
				LD_RUNPATH_SEARCH_PATHS = "$(inherited) @executable_path/Frameworks @loader_path/Frameworks";
				PRODUCT_BUNDLE_IDENTIFIER = "com.silverback-it.DotDemoUITests";
				PRODUCT_NAME = "$(TARGET_NAME)";
				SWIFT_VERSION = 3.0;
				TEST_TARGET_NAME = DotDemo;
			};
			name = Debug;
		};
		8FA88A521DDCA93F00A98DC9 /* Release */ = {
			isa = XCBuildConfiguration;
			buildSettings = {
				ALWAYS_EMBED_SWIFT_STANDARD_LIBRARIES = YES;
				DEVELOPMENT_TEAM = 9HQR3Y4WE5;
				INFOPLIST_FILE = DotDemoUITests/Info.plist;
				LD_RUNPATH_SEARCH_PATHS = "$(inherited) @executable_path/Frameworks @loader_path/Frameworks";
				PRODUCT_BUNDLE_IDENTIFIER = "com.silverback-it.DotDemoUITests";
				PRODUCT_NAME = "$(TARGET_NAME)";
				SWIFT_VERSION = 3.0;
				TEST_TARGET_NAME = DotDemo;
			};
			name = Release;
		};
/* End XCBuildConfiguration section */

/* Begin XCConfigurationList section */
		8FA88A0B1DDCA88C00A98DC9 /* Build configuration list for PBXProject "Dot" */ = {
			isa = XCConfigurationList;
			buildConfigurations = (
				8FA88A231DDCA88C00A98DC9 /* Debug */,
				8FA88A241DDCA88C00A98DC9 /* Release */,
			);
			defaultConfigurationIsVisible = 0;
			defaultConfigurationName = Release;
		};
		8FA88A251DDCA88C00A98DC9 /* Build configuration list for PBXNativeTarget "Dot" */ = {
			isa = XCConfigurationList;
			buildConfigurations = (
				8FA88A261DDCA88C00A98DC9 /* Debug */,
				8FA88A271DDCA88C00A98DC9 /* Release */,
			);
			defaultConfigurationIsVisible = 0;
			defaultConfigurationName = Release;
		};
		8FA88A281DDCA88C00A98DC9 /* Build configuration list for PBXNativeTarget "DotTests" */ = {
			isa = XCConfigurationList;
			buildConfigurations = (
				8FA88A291DDCA88C00A98DC9 /* Debug */,
				8FA88A2A1DDCA88C00A98DC9 /* Release */,
			);
			defaultConfigurationIsVisible = 0;
			defaultConfigurationName = Release;
		};
		8FA88A4D1DDCA93F00A98DC9 /* Build configuration list for PBXNativeTarget "DotDemo" */ = {
			isa = XCConfigurationList;
			buildConfigurations = (
				8FA88A4E1DDCA93F00A98DC9 /* Debug */,
				8FA88A4F1DDCA93F00A98DC9 /* Release */,
			);
			defaultConfigurationIsVisible = 0;
			defaultConfigurationName = Release;
		};
		8FA88A501DDCA93F00A98DC9 /* Build configuration list for PBXNativeTarget "DotDemoUITests" */ = {
			isa = XCConfigurationList;
			buildConfigurations = (
				8FA88A511DDCA93F00A98DC9 /* Debug */,
				8FA88A521DDCA93F00A98DC9 /* Release */,
			);
			defaultConfigurationIsVisible = 0;
			defaultConfigurationName = Release;
		};
/* End XCConfigurationList section */
	};
	rootObject = 8FA88A081DDCA88C00A98DC9 /* Project object */;
}
